
Microsoft Visual Studio Solution File, Format Version 12.00
# Visual Studio Version 16
VisualStudioVersion = 16.0.29503.13
MinimumVisualStudioVersion = 10.0.40219.1
Project("{FAE04EC0-301F-11D3-BF4B-00C04F79EFBC}") = "extremeBassBoost", "extremeBassBoost\extremeBassBoost.csproj", "{CE31D084-D88E-49E7-B242-B2119407944C}"
EndProject
Global
	GlobalSection(SolutionConfigurationPlatforms) = preSolution
		Debug|Any CPU = Debug|Any CPU
		Release|Any CPU = Release|Any CPU
	EndGlobalSection
	GlobalSection(ProjectConfigurationPlatforms) = postSolution
		{CE31D084-D88E-49E7-B242-B2119407944C}.Debug|Any CPU.ActiveCfg = Debug|Any CPU
		{CE31D084-D88E-49E7-B242-B2119407944C}.Debug|Any CPU.Build.0 = Debug|Any CPU
		{CE31D084-D88E-49E7-B242-B2119407944C}.Release|Any CPU.ActiveCfg = Release|Any CPU
		{CE31D084-D88E-49E7-B242-B2119407944C}.Release|Any CPU.Build.0 = Release|Any CPU
	EndGlobalSection
	GlobalSection(SolutionProperties) = preSolution
		HideSolutionNode = FALSE
	EndGlobalSection
	GlobalSection(ExtensibilityGlobals) = postSolution
		SolutionGuid = {9C2F8571-B4B6-4073-8C4A-DA88CF5B0BFF}
	EndGlobalSection
EndGlobal
